# This file is automatically @generated by Cargo.
# It is not intended for manual editing.
version = 3

[[package]]
name = "det-cli"
version = "0.1.0"
dependencies = [
 "det-coder",
 "det-gguf",
 "det-model",
 "det-num",
 "det-quant",
 "det-token",
]

[[package]]
name = "det-coder"
version = "0.1.0"
dependencies = [
 "det-num",
]

[[package]]
name = "det-gguf"
version = "0.1.0"

[[package]]
name = "det-model"
version = "0.1.0"
dependencies = [
 "det-coder",
 "det-gguf",
 "det-num",
 "det-quant",
]

[[package]]
name = "det-num"
version = "0.1.0"

[[package]]
name = "det-quant"
version = "0.1.0"
dependencies = [
 "det-num",
]

[[package]]
name = "det-token"
version = "0.1.0"
dependencies = [
 "det-gguf",
]

[[package]]
name = "xtask"
version = "0.1.0"
dependencies = [
 "det-coder",
 "det-gguf",
 "det-model",
 "det-token",
]
